# This file is autogenerated, do not edit; changes may be undone by the next 'dep ensure'.


[[projects]]
  name = "cloud.google.com/go"
  packages = ["compute/metadata"]
  revision = "2d3a6656c17a60b0815b7e06ab0be04eacb6e613"
  version = "v0.16.0"

[[projects]]
  name = "github.com/apex/log"
  packages = [".","handlers/json"]
  revision = "0296d6eb16bb28f8a0c55668affcf4876dc269be"
  version = "v1.0.0"

[[projects]]
  branch = "master"
  name = "github.com/bradfitz/gomemcache"
  packages = ["memcache"]
  revision = "1952afaa557dc08e8e0d89eafab110fb501c1a2b"

[[projects]]
  name = "github.com/davecgh/go-spew"
  packages = ["spew"]
  revision = "346938d642f2ec3594ed81d874461961cd0faa76"
  version = "v1.1.0"

[[projects]]
  branch = "master"
  name = "github.com/dgryski/go-expirecache"
  packages = ["."]
  revision = "743ef98b2adb7d72da5dff5df7d7a82f1a66c63e"

[[projects]]
  branch = "master"
  name = "github.com/dgryski/httputil"
  packages = ["."]
  revision = "189c2918cd08517364b3ede5417684ca7a7341fe"

[[projects]]
  branch = "master"
  name = "github.com/facebookgo/atomicfile"
  packages = ["."]
  revision = "2de1f203e7d5e386a6833233882782932729f27e"

[[projects]]
  branch = "master"
  name = "github.com/facebookgo/clock"
  packages = ["."]
  revision = "600d898af40aa09a7a93ecb9265d87b0504b6f03"

[[projects]]
  branch = "master"
  name = "github.com/facebookgo/ensure"
  packages = ["."]
  revision = "b4ab57deab51ee655ae4bd85281f0715a068016d"

[[projects]]
  branch = "master"
  name = "github.com/facebookgo/freeport"
  packages = ["."]
  revision = "d4adf43b75b9357dc7775f033e807a3411591522"

[[projects]]
  branch = "master"
  name = "github.com/facebookgo/grace"
  packages = ["gracehttp","gracenet"]
  revision = "4afe952a37a495ae4ac0c1d4ce5f66e91058d149"

[[projects]]
  branch = "master"
  name = "github.com/facebookgo/httpdown"
  packages = ["."]
  revision = "a3b1354551a26449fbe05f5d855937f6e7acbd71"

[[projects]]
  branch = "master"
  name = "github.com/facebookgo/pidfile"
  packages = ["."]
  revision = "f242e2999868dcd267a2b86e49ce1f9cf9e15b16"

[[projects]]
  branch = "master"
  name = "github.com/facebookgo/stack"
  packages = ["."]
  revision = "751773369052141c013c6e827a71e8f35c07879c"

[[projects]]
  branch = "master"
  name = "github.com/facebookgo/stats"
  packages = ["."]
  revision = "1b76add642e42c6ffba7211ad7b3939ce654526e"

[[projects]]
  branch = "master"
  name = "github.com/facebookgo/subset"
  packages = ["."]
  revision = "8dac2c3c48703541e481feddf22975953d4ff842"

[[projects]]
  branch = "master"
  name = "github.com/fastly/go-utils"
  packages = ["strftime"]
  revision = "88bf4bc30a29f35088579a507505725c4e10818b"

[[projects]]
  name = "github.com/fatih/color"
  packages = ["."]
  revision = "570b54cabe6b8eb0bc2dfce68d964677d63b5260"
  version = "v1.5.0"

[[projects]]
  name = "github.com/go-kit/kit"
  packages = ["log"]
  revision = "4dc7be5d2d12881735283bcab7352178e190fc71"
  version = "v0.6.0"

[[projects]]
  name = "github.com/go-logfmt/logfmt"
  packages = ["."]
  revision = "390ab7935ee28ec6b286364bba9b4dd6410cb3d5"
  version = "v0.3.0"

[[projects]]
  name = "github.com/go-stack/stack"
  packages = ["."]
  revision = "817915b46b97fd7bb80e8ab6b69f01a53ac3eebf"
  version = "v1.6.0"

[[projects]]
  name = "github.com/gogo/protobuf"
  packages = ["gogoproto","io","jsonpb","jsonpb/jsonpb_test_proto","plugin/compare","plugin/defaultcheck","plugin/description","plugin/embedcheck","plugin/enumstringer","plugin/equal","plugin/face","plugin/gostring","plugin/marshalto","plugin/oneofcheck","plugin/populate","plugin/size","plugin/stringer","plugin/testgen","plugin/union","plugin/unmarshal","proto","proto/proto3_proto","proto/testdata","protoc-gen-gogo/descriptor","protoc-gen-gogo/generator","protoc-gen-gogo/grpc","protoc-gen-gogo/plugin","sortkeys","test","test/casttype","test/combos/both","test/custom","test/custom-dash-type","test/example","test/importdedup/subpkg","test/indeximport-issue72/index","types","vanity","vanity/command","vanity/test/fast","vanity/test/faster","vanity/test/slick","version"]
  revision = "342cbe0a04158f6dcb03ca0079991a51a4248c02"
  version = "v0.5"

[[projects]]
  branch = "master"
  name = "github.com/golang/glog"
  packages = ["."]
  revision = "23def4e6c14b4da8ac2ed8007337bc5eb5007998"

[[projects]]
  name = "github.com/golang/mock"
  packages = ["gomock"]
  revision = "13f360950a79f5864a972c786a10a50e44b69541"
  version = "v1.0.0"

[[projects]]
  branch = "master"
  name = "github.com/golang/protobuf"
  packages = ["descriptor","jsonpb/jsonpb_test_proto","proto","proto/proto3_proto","proto/testdata","protoc-gen-go/descriptor","protoc-gen-go/generator","protoc-gen-go/grpc","protoc-gen-go/plugin","ptypes","ptypes/any","ptypes/duration","ptypes/empty","ptypes/struct","ptypes/timestamp","ptypes/wrappers"]
  revision = "1643683e1b54a9e88ad26d98f81400c8c9d9f4f9"

[[projects]]
  branch = "master"
  name = "github.com/jehiah/go-strftime"
  packages = ["."]
  revision = "2efbe75097a505e2789f7e39cb9da067b5be8e3e"

[[projects]]
  name = "github.com/jonboulle/clockwork"
  packages = ["."]
  revision = "2eee05ed794112d45db504eb05aa693efd2b8b09"
  version = "v0.1.0"

[[projects]]
  branch = "master"
  name = "github.com/kr/logfmt"
  packages = ["."]
  revision = "b84e30acd515aadc4b783ad4ff83aff3299bdfe0"

[[projects]]
  branch = "master"
  name = "github.com/lestrrat/go-envload"
  packages = ["."]
  revision = "d7bc6278d4641441e356c80af00fd627f9b199f0"

[[projects]]
  name = "github.com/lestrrat/go-file-rotatelogs"
  packages = ["."]
  revision = "9df8b44f21785240553882138c5df2e9cc1db910"
  version = "v2.1.0"

[[projects]]
  branch = "master"
  name = "github.com/lestrrat/go-strftime"
  packages = ["."]
  revision = "04ef93e285313c8978cbc7cad26d2aa7a9927451"

[[projects]]
  branch = "master"
  name = "github.com/lomik/og-rek"
  packages = ["."]
  revision = "628eefeb8d8065e3c4300d3556181a255d1ab4ff"

[[projects]]
  branch = "master"
  name = "github.com/lomik/zapwriter"
  packages = ["."]
  revision = "d4499a33b5929c4a2e7e169165f594f35b39638c"

[[projects]]
  name = "github.com/mattn/go-colorable"
  packages = ["."]
  revision = "167de6bfdfba052fa6b2d3664c8f5272e23c9072"
  version = "v0.0.9"

[[projects]]
  name = "github.com/mattn/go-isatty"
  packages = ["."]
  revision = "0360b2af4f38e8d38c7fce2a9f4e702702d73a39"
  version = "v0.0.3"

[[projects]]
  branch = "master"
  name = "github.com/peterbourgon/g2g"
  packages = ["."]
  revision = "0c2bab2b173d2cd9385ea6da5cec7b14b5019f11"

[[projects]]
  name = "github.com/pkg/errors"
  packages = ["."]
  revision = "645ef00459ed84a119197bfb8d8205042c6df63d"
  version = "v0.8.0"

[[projects]]
  name = "github.com/pmezard/go-difflib"
  packages = ["difflib"]
  revision = "792786c7400a136282c1664665ae0a8db921c6c2"
  version = "v1.0.0"

[[projects]]
  name = "github.com/rs/zerolog"
  packages = [".","internal/json"]
  revision = "3ac71fc58dbd43122668a912b755b0979ba9ce1f"
  version = "v1.3.0"

[[projects]]
  name = "github.com/satori/go.uuid"
  packages = ["."]
  revision = "879c5887cd475cd7864858769793b2ceb0d44feb"
  version = "v1.1.0"

[[projects]]
  name = "github.com/sirupsen/logrus"
  packages = ["."]
  revision = "f006c2ac4710855cf0f916dd6b77acf6b048dc6e"
  version = "v1.0.3"

[[projects]]
  name = "github.com/stretchr/testify"
  packages = ["assert","require"]
  revision = "69483b4bd14f5845b5a1e55bca19e954e827f1d0"
  version = "v1.1.4"

[[projects]]
  name = "github.com/tebeka/strftime"
  packages = ["."]
  revision = "f22f5d2dce0fb132b4ca569078adf2c02bfab82b"
  version = "0.1.2"

[[projects]]
  branch = "master"
  name = "go.pedge.io/lion"
  packages = ["."]
  revision = "87958e8713f1fa138d993087133b97e976642159"

[[projects]]
  name = "go.uber.org/atomic"
  packages = ["."]
  revision = "4e336646b2ef9fc6e47be8e21594178f98e5ebcf"
  version = "v1.2.0"

[[projects]]
  name = "go.uber.org/multierr"
  packages = ["."]
  revision = "3c4937480c32f4c13a875a1829af76c98ca3d40a"
  version = "v1.1.0"

[[projects]]
  name = "go.uber.org/zap"
  packages = [".","buffer","internal/bufferpool","internal/color","internal/exit","zapcore","zaptest","zaptest/observer"]
  revision = "35aad584952c3e7020db7b839f6b102de6271f89"
  version = "v1.7.1"

[[projects]]
  branch = "master"
  name = "go4.org"
  packages = ["syncutil/singleflight"]
  revision = "034d17a462f7b2dcd1a4a73553ec5357ff6e6c6e"

[[projects]]
  branch = "master"
  name = "golang.org/x/crypto"
  packages = ["acme","acme/autocert","ssh/terminal"]
  revision = "bd6f299fb381e4c3393d1c4b1f0b94f5e77650c8"

[[projects]]
  branch = "master"
  name = "golang.org/x/net"
  packages = ["bpf","context","context/ctxhttp","dns/dnsmessage","html","html/atom","http2","http2/hpack","icmp","idna","internal/iana","internal/nettest","internal/socket","internal/timeseries","ipv4","ipv6","lex/httplex","trace","webdav","webdav/internal/xml","websocket"]
  revision = "01c190206fbdffa42f334f4b2bf2220f50e64920"

[[projects]]
  branch = "master"
  name = "golang.org/x/oauth2"
  packages = [".","google","internal","jws","jwt"]
  revision = "bb50c06baba3d0c76f9d125c0719093e315b5b44"

[[projects]]
  branch = "master"
  name = "golang.org/x/sync"
  packages = ["errgroup"]
  revision = "fd80eb99c8f653c847d294a001bdf2a3a6f768f5"

[[projects]]
  branch = "master"
  name = "golang.org/x/sys"
  packages = ["unix","windows"]
  revision = "46eaec7899b1dd945c25db17c78ba3f0c58a6613"

[[projects]]
  branch = "master"
  name = "golang.org/x/text"
  packages = ["cases","collate","collate/build","currency","encoding","encoding/charmap","encoding/htmlindex","encoding/ianaindex","encoding/internal","encoding/internal/enctest","encoding/internal/identifier","encoding/japanese","encoding/korean","encoding/simplifiedchinese","encoding/traditionalchinese","encoding/unicode","feature/plural","internal","internal/catmsg","internal/colltab","internal/export/idna","internal/format","internal/gen","internal/number","internal/stringset","internal/tag","internal/testtext","internal/triegen","internal/ucd","internal/utf8internal","language","language/display","message","message/catalog","runes","secure/bidirule","transform","unicode/bidi","unicode/cldr","unicode/norm","unicode/rangetable","unicode/runenames","width"]
  revision = "88f656faf3f37f690df1a32515b479415e1a6769"

[[projects]]
  branch = "master"
  name = "golang.org/x/tools"
  packages = ["go/ast/astutil","go/buildutil","go/loader"]
  revision = "032dfd515a0b058cc9bc616139b136f923d3924a"

[[projects]]
  branch = "master"
  name = "google.golang.org/api"
  packages = ["compute/v1","gensupport","googleapi","googleapi/internal/uritemplates"]
  revision = "532986bc317f5cf61f4e7ef35d9dae8b75b3f56f"

[[projects]]
  name = "google.golang.org/appengine"
  packages = [".","internal","internal/app_identity","internal/base","internal/datastore","internal/log","internal/modules","internal/remote_api","internal/urlfetch","urlfetch"]
  revision = "150dc57a1b433e64154302bdc40b6bb8aefa313a"
  version = "v1.0.0"

[[projects]]
  branch = "master"
  name = "google.golang.org/genproto"
  packages = ["googleapis/api","googleapis/api/annotations","googleapis/api/configchange","googleapis/api/distribution","googleapis/api/httpbody","googleapis/api/label","googleapis/api/metric","googleapis/api/monitoredres","googleapis/api/serviceconfig","googleapis/cloud/support/common","googleapis/devtools/source/v1","googleapis/iam/v1","googleapis/logging/type","googleapis/longrunning","googleapis/rpc/code","googleapis/rpc/errdetails","googleapis/rpc/status","googleapis/type/color","googleapis/type/date","googleapis/type/latlng","googleapis/type/money","googleapis/type/timeofday","protobuf/api","protobuf/field_mask","protobuf/ptype","protobuf/source_context"]
  revision = "11c7f9e547da6db876260ce49ea7536985904c9b"

[[projects]]
  name = "google.golang.org/grpc"
  packages = [".","balancer","balancer/roundrobin","benchmark","benchmark/grpc_testing","benchmark/latency","benchmark/stats","codes","connectivity","credentials","credentials/oauth","examples/helloworld/helloworld","examples/helloworld/mock_helloworld","examples/route_guide/mock_routeguide","examples/route_guide/routeguide","grpclb/grpc_lb_v1/messages","grpclb/grpc_lb_v1/service","grpclog","grpclog/glogger","health","health/grpc_health_v1","internal","interop","interop/grpc_testing","keepalive","metadata","naming","peer","reflection","reflection/grpc_reflection_v1alpha","reflection/grpc_testing","reflection/grpc_testingv3","resolver","resolver/manual","stats","stats/grpc_testing","status","stress/grpc_testing","tap","test/codec_perf","test/grpc_testing","testdata","transport"]
  revision = "61d37c5d657a47e4404fd6823bd598341a2595de"
  version = "v1.7.1"

[[projects]]
  branch = "v1"
  name = "gopkg.in/check.v1"
  packages = ["."]
  revision = "20d25e2804050c1cd24a7eea1e7a6447dd0e74ec"

[[projects]]
  name = "gopkg.in/inconshreveable/log15.v2"
  packages = ["."]
  revision = "0decfc6c20d9ca0ad143b0e89dcaa20f810b4fb3"
  version = "v2.13"

[[projects]]
  branch = "v2"
  name = "gopkg.in/yaml.v2"
  packages = ["."]
  revision = "eb3733d160e74a9c7e442f435eb3bea458e1d19f"

[solve-meta]
  analyzer-name = "dep"
  analyzer-version = 1
  inputs-digest = "c9572d54117c98248e40e849a006d43b7acf432682c55e4682e950a1828d03fb"
  solver-name = "gps-cdcl"
  solver-version = 1
